
Microsoft Visual Studio Solution File, Format Version 12.00
# Visual Studio 15
VisualStudioVersion = 15.0.28307.2092
MinimumVisualStudioVersion = 10.0.40219.1
Project("{FAE04EC0-301F-11D3-BF4B-00C04F79EFBC}") = "center_management_app", "center_management_app\center_management_app.csproj", "{10A4BBB2-E23F-4325-818A-84757B4F228B}"
EndProject
Global
	GlobalSection(SolutionConfigurationPlatforms) = preSolution
		Debug|Any CPU = Debug|Any CPU
		Release|Any CPU = Release|Any CPU
	EndGlobalSection
	GlobalSection(ProjectConfigurationPlatforms) = postSolution
		{10A4BBB2-E23F-4325-818A-84757B4F228B}.Debug|Any CPU.ActiveCfg = Debug|Any CPU
		{10A4BBB2-E23F-4325-818A-84757B4F228B}.Debug|Any CPU.Build.0 = Debug|Any CPU
		{10A4BBB2-E23F-4325-818A-84757B4F228B}.Release|Any CPU.ActiveCfg = Release|Any CPU
		{10A4BBB2-E23F-4325-818A-84757B4F228B}.Release|Any CPU.Build.0 = Release|Any CPU
	EndGlobalSection
	GlobalSection(SolutionProperties) = preSolution
		HideSolutionNode = FALSE
	EndGlobalSection
	GlobalSection(ExtensibilityGlobals) = postSolution
		SolutionGuid = {93414BB4-8FA3-4265-88BD-B8D949888A82}
	EndGlobalSection
EndGlobal
